
Microsoft Visual Studio Solution File, Format Version 12.00
# Visual Studio 2015
Project("{FAE04EC0-301F-11D3-BF4B-00C04F79EFBC}") = "Project Asteroids.CSharp", "Project Asteroids.CSharp.csproj", "{A7F7DBF2-0C2C-3A50-B7E4-6567D820C284}"
EndProject
Global
	GlobalSection(SolutionConfigurationPlatforms) = preSolution
		Debug|Any CPU = Debug|Any CPU
		Release|Any CPU = Release|Any CPU
	EndGlobalSection
	GlobalSection(ProjectConfigurationPlatforms) = postSolution
		{A7F7DBF2-0C2C-3A50-B7E4-6567D820C284}.Debug|Any CPU.ActiveCfg = Debug|Any CPU
		{A7F7DBF2-0C2C-3A50-B7E4-6567D820C284}.Debug|Any CPU.Build.0 = Debug|Any CPU
		{A7F7DBF2-0C2C-3A50-B7E4-6567D820C284}.Release|Any CPU.ActiveCfg = Release|Any CPU
		{A7F7DBF2-0C2C-3A50-B7E4-6567D820C284}.Release|Any CPU.Build.0 = Release|Any CPU
	EndGlobalSection
	GlobalSection(SolutionProperties) = preSolution
		HideSolutionNode = FALSE
	EndGlobalSection
EndGlobal
